
Microsoft Visual Studio Solution File, Format Version 12.00
# Visual Studio Version 16
VisualStudioVersion = 16.0.30225.117
MinimumVisualStudioVersion = 10.0.40219.1
Project("{FAE04EC0-301F-11D3-BF4B-00C04F79EFBC}") = "SalesWebMvc", "SalesWebMvc\SalesWebMvc.csproj", "{D3793337-F291-4C38-A60F-4320B0036076}"
EndProject
Global
	GlobalSection(SolutionConfigurationPlatforms) = preSolution
		Debug|Any CPU = Debug|Any CPU
		Release|Any CPU = Release|Any CPU
	EndGlobalSection
	GlobalSection(ProjectConfigurationPlatforms) = postSolution
		{D3793337-F291-4C38-A60F-4320B0036076}.Debug|Any CPU.ActiveCfg = Debug|Any CPU
		{D3793337-F291-4C38-A60F-4320B0036076}.Debug|Any CPU.Build.0 = Debug|Any CPU
		{D3793337-F291-4C38-A60F-4320B0036076}.Release|Any CPU.ActiveCfg = Release|Any CPU
		{D3793337-F291-4C38-A60F-4320B0036076}.Release|Any CPU.Build.0 = Release|Any CPU
	EndGlobalSection
	GlobalSection(SolutionProperties) = preSolution
		HideSolutionNode = FALSE
	EndGlobalSection
	GlobalSection(ExtensibilityGlobals) = postSolution
		SolutionGuid = {B79CAFC7-209C-4D1A-A808-342E22C042A7}
	EndGlobalSection
EndGlobal
